// !$*UTF8*$!
{
	archiveVersion = 1;
	classes = {
	};
	objectVersion = 60;
	objects = {

/* Begin PBXBuildFile section */
		100000000000000000000001 /* CombustivelFlexApp.swift in Sources */ = {isa = PBXBuildFile; fileRef = 200000000000000000000001 /* CombustivelFlexApp.swift */; };
		100000000000000000000002 /* RootTabView.swift in Sources */ = {isa = PBXBuildFile; fileRef = 200000000000000000000002 /* RootTabView.swift */; };
		100000000000000000000003 /* CalculatorView.swift in Sources */ = {isa = PBXBuildFile; fileRef = 200000000000000000000003 /* CalculatorView.swift */; };
		100000000000000000000004 /* HistoryView.swift in Sources */ = {isa = PBXBuildFile; fileRef = 200000000000000000000004 /* HistoryView.swift */; };
		100000000000000000000005 /* StationsView.swift in Sources */ = {isa = PBXBuildFile; fileRef = 200000000000000000000005 /* StationsView.swift */; };
		100000000000000000000006 /* MoreView.swift in Sources */ = {isa = PBXBuildFile; fileRef = 200000000000000000000006 /* MoreView.swift */; };
		100000000000000000000007 /* PlaceholderView.swift in Sources */ = {isa = PBXBuildFile; fileRef = 200000000000000000000007 /* PlaceholderView.swift */; };
		100000000000000000000008 /* AppTheme.swift in Sources */ = {isa = PBXBuildFile; fileRef = 200000000000000000000008 /* AppTheme.swift */; };
		100000000000000000000009 /* AppCard.swift in Sources */ = {isa = PBXBuildFile; fileRef = 200000000000000000000009 /* AppCard.swift */; };
		10000000000000000000000A /* PrimaryButton.swift in Sources */ = {isa = PBXBuildFile; fileRef = 20000000000000000000000A /* PrimaryButton.swift */; };
		10000000000000000000000B /* FuelTextField.swift in Sources */ = {isa = PBXBuildFile; fileRef = 20000000000000000000000B /* FuelTextField.swift */; };
		10000000000000000000000C /* FeatureRow.swift in Sources */ = {isa = PBXBuildFile; fileRef = 20000000000000000000000C /* FeatureRow.swift */; };
		10000000000000000000000D /* ResultSummaryView.swift in Sources */ = {isa = PBXBuildFile; fileRef = 20000000000000000000000D /* ResultSummaryView.swift */; };
		10000000000000000000000E /* AppTab.swift in Sources */ = {isa = PBXBuildFile; fileRef = 20000000000000000000000E /* AppTab.swift */; };
		10000000000000000000000F /* FuelCalculation.swift in Sources */ = {isa = PBXBuildFile; fileRef = 20000000000000000000000F /* FuelCalculation.swift */; };
		100000000000000000000010 /* CalculationHistoryItem.swift in Sources */ = {isa = PBXBuildFile; fileRef = 200000000000000000000010 /* CalculationHistoryItem.swift */; };
		100000000000000000000011 /* FuelCalculationService.swift in Sources */ = {isa = PBXBuildFile; fileRef = 200000000000000000000011 /* FuelCalculationService.swift */; };
		100000000000000000000012 /* HistoryStore.swift in Sources */ = {isa = PBXBuildFile; fileRef = 200000000000000000000012 /* HistoryStore.swift */; };
		100000000000000000000013 /* SettingsStore.swift in Sources */ = {isa = PBXBuildFile; fileRef = 200000000000000000000013 /* SettingsStore.swift */; };
		100000000000000000000014 /* CalculatorViewModel.swift in Sources */ = {isa = PBXBuildFile; fileRef = 200000000000000000000014 /* CalculatorViewModel.swift */; };
		100000000000000000000015 /* Assets.xcassets in Resources */ = {isa = PBXBuildFile; fileRef = 200000000000000000000015 /* Assets.xcassets */; };
		100000000000000000000016 /* StartView.swift in Sources */ = {isa = PBXBuildFile; fileRef = 200000000000000000000017 /* StartView.swift */; };
		100000000000000000000017 /* ResultView.swift in Sources */ = {isa = PBXBuildFile; fileRef = 200000000000000000000018 /* ResultView.swift */; };
		100000000000000000000019 /* SecondaryButton.swift in Sources */ = {isa = PBXBuildFile; fileRef = 200000000000000000000019 /* SecondaryButton.swift */; };
		10000000000000000000001A /* TipsView.swift in Sources */ = {isa = PBXBuildFile; fileRef = 20000000000000000000001A /* TipsView.swift */; };
		10000000000000000000001B /* SettingsView.swift in Sources */ = {isa = PBXBuildFile; fileRef = 20000000000000000000001B /* SettingsView.swift */; };
		10000000000000000000001C /* AdMobConfig.swift in Sources */ = {isa = PBXBuildFile; fileRef = 20000000000000000000001C /* AdMobConfig.swift */; };
		10000000000000000000001D /* AdMobBannerView.swift in Sources */ = {isa = PBXBuildFile; fileRef = 20000000000000000000001D /* AdMobBannerView.swift */; };
		10000000000000000000001E /* AdMobNativeAdView.swift in Sources */ = {isa = PBXBuildFile; fileRef = 20000000000000000000001E /* AdMobNativeAdView.swift */; };
		A00000000000000000000001 /* FuelCalculationServiceTests.swift in Sources */ = {isa = PBXBuildFile; fileRef = A10000000000000000000001 /* FuelCalculationServiceTests.swift */; };
		C00000000000000000000001 /* GoogleMobileAds in Frameworks */ = {isa = PBXBuildFile; productRef = C20000000000000000000001 /* GoogleMobileAds */; };
/* End PBXBuildFile section */

/* Begin PBXContainerItemProxy section */
		A60000000000000000000001 /* PBXContainerItemProxy */ = {
			isa = PBXContainerItemProxy;
			containerPortal = 600000000000000000000001 /* Project object */;
			proxyType = 1;
			remoteGlobalIDString = 500000000000000000000001;
			remoteInfo = CombustivelFlex;
		};
/* End PBXContainerItemProxy section */

/* Begin PBXFileReference section */
		200000000000000000000001 /* CombustivelFlexApp.swift */ = {isa = PBXFileReference; lastKnownFileType = sourcecode.swift; path = CombustivelFlexApp.swift; sourceTree = "<group>"; };
		200000000000000000000002 /* RootTabView.swift */ = {isa = PBXFileReference; lastKnownFileType = sourcecode.swift; path = RootTabView.swift; sourceTree = "<group>"; };
		200000000000000000000003 /* CalculatorView.swift */ = {isa = PBXFileReference; lastKnownFileType = sourcecode.swift; path = CalculatorView.swift; sourceTree = "<group>"; };
		200000000000000000000004 /* HistoryView.swift */ = {isa = PBXFileReference; lastKnownFileType = sourcecode.swift; path = HistoryView.swift; sourceTree = "<group>"; };
		200000000000000000000005 /* StationsView.swift */ = {isa = PBXFileReference; lastKnownFileType = sourcecode.swift; path = StationsView.swift; sourceTree = "<group>"; };
		200000000000000000000006 /* MoreView.swift */ = {isa = PBXFileReference; lastKnownFileType = sourcecode.swift; path = MoreView.swift; sourceTree = "<group>"; };
		200000000000000000000007 /* PlaceholderView.swift */ = {isa = PBXFileReference; lastKnownFileType = sourcecode.swift; path = PlaceholderView.swift; sourceTree = "<group>"; };
		200000000000000000000008 /* AppTheme.swift */ = {isa = PBXFileReference; lastKnownFileType = sourcecode.swift; path = AppTheme.swift; sourceTree = "<group>"; };
		200000000000000000000009 /* AppCard.swift */ = {isa = PBXFileReference; lastKnownFileType = sourcecode.swift; path = AppCard.swift; sourceTree = "<group>"; };
		20000000000000000000000A /* PrimaryButton.swift */ = {isa = PBXFileReference; lastKnownFileType = sourcecode.swift; path = PrimaryButton.swift; sourceTree = "<group>"; };
		20000000000000000000000B /* FuelTextField.swift */ = {isa = PBXFileReference; lastKnownFileType = sourcecode.swift; path = FuelTextField.swift; sourceTree = "<group>"; };
		20000000000000000000000C /* FeatureRow.swift */ = {isa = PBXFileReference; lastKnownFileType = sourcecode.swift; path = FeatureRow.swift; sourceTree = "<group>"; };
		20000000000000000000000D /* ResultSummaryView.swift */ = {isa = PBXFileReference; lastKnownFileType = sourcecode.swift; path = ResultSummaryView.swift; sourceTree = "<group>"; };
		20000000000000000000000E /* AppTab.swift */ = {isa = PBXFileReference; lastKnownFileType = sourcecode.swift; path = AppTab.swift; sourceTree = "<group>"; };
		20000000000000000000000F /* FuelCalculation.swift */ = {isa = PBXFileReference; lastKnownFileType = sourcecode.swift; path = FuelCalculation.swift; sourceTree = "<group>"; };
		200000000000000000000010 /* CalculationHistoryItem.swift */ = {isa = PBXFileReference; lastKnownFileType = sourcecode.swift; path = CalculationHistoryItem.swift; sourceTree = "<group>"; };
		200000000000000000000011 /* FuelCalculationService.swift */ = {isa = PBXFileReference; lastKnownFileType = sourcecode.swift; path = FuelCalculationService.swift; sourceTree = "<group>"; };
		200000000000000000000012 /* HistoryStore.swift */ = {isa = PBXFileReference; lastKnownFileType = sourcecode.swift; path = HistoryStore.swift; sourceTree = "<group>"; };
		200000000000000000000013 /* SettingsStore.swift */ = {isa = PBXFileReference; lastKnownFileType = sourcecode.swift; path = SettingsStore.swift; sourceTree = "<group>"; };
		200000000000000000000014 /* CalculatorViewModel.swift */ = {isa = PBXFileReference; lastKnownFileType = sourcecode.swift; path = CalculatorViewModel.swift; sourceTree = "<group>"; };
		200000000000000000000015 /* Assets.xcassets */ = {isa = PBXFileReference; lastKnownFileType = folder.assetcatalog; path = Assets.xcassets; sourceTree = "<group>"; };
		200000000000000000000016 /* CombustivelFlex.app */ = {isa = PBXFileReference; explicitFileType = wrapper.application; includeInIndex = 0; path = CombustivelFlex.app; sourceTree = BUILT_PRODUCTS_DIR; };
		200000000000000000000017 /* StartView.swift */ = {isa = PBXFileReference; lastKnownFileType = sourcecode.swift; path = StartView.swift; sourceTree = "<group>"; };
		200000000000000000000018 /* ResultView.swift */ = {isa = PBXFileReference; lastKnownFileType = sourcecode.swift; path = ResultView.swift; sourceTree = "<group>"; };
		200000000000000000000019 /* SecondaryButton.swift */ = {isa = PBXFileReference; lastKnownFileType = sourcecode.swift; path = SecondaryButton.swift; sourceTree = "<group>"; };
		20000000000000000000001A /* TipsView.swift */ = {isa = PBXFileReference; lastKnownFileType = sourcecode.swift; path = TipsView.swift; sourceTree = "<group>"; };
		20000000000000000000001B /* SettingsView.swift */ = {isa = PBXFileReference; lastKnownFileType = sourcecode.swift; path = SettingsView.swift; sourceTree = "<group>"; };
		20000000000000000000001C /* AdMobConfig.swift */ = {isa = PBXFileReference; lastKnownFileType = sourcecode.swift; path = AdMobConfig.swift; sourceTree = "<group>"; };
		20000000000000000000001D /* AdMobBannerView.swift */ = {isa = PBXFileReference; lastKnownFileType = sourcecode.swift; path = AdMobBannerView.swift; sourceTree = "<group>"; };
		20000000000000000000001E /* AdMobNativeAdView.swift */ = {isa = PBXFileReference; lastKnownFileType = sourcecode.swift; path = AdMobNativeAdView.swift; sourceTree = "<group>"; };
		20000000000000000000001F /* Info.plist */ = {isa = PBXFileReference; lastKnownFileType = text.plist.xml; path = Info.plist; sourceTree = "<group>"; };
		A10000000000000000000001 /* FuelCalculationServiceTests.swift */ = {isa = PBXFileReference; lastKnownFileType = sourcecode.swift; path = FuelCalculationServiceTests.swift; sourceTree = "<group>"; };
		A10000000000000000000002 /* CombustivelFlexTests.xctest */ = {isa = PBXFileReference; explicitFileType = wrapper.cfbundle; includeInIndex = 0; path = CombustivelFlexTests.xctest; sourceTree = BUILT_PRODUCTS_DIR; };
/* End PBXFileReference section */

/* Begin PBXFrameworksBuildPhase section */
		300000000000000000000001 /* Frameworks */ = {
			isa = PBXFrameworksBuildPhase;
			buildActionMask = 2147483647;
			files = (
				C00000000000000000000001 /* GoogleMobileAds in Frameworks */,
			);
			runOnlyForDeploymentPostprocessing = 0;
		};
		A30000000000000000000001 /* Frameworks */ = {
			isa = PBXFrameworksBuildPhase;
			buildActionMask = 2147483647;
			files = (
			);
			runOnlyForDeploymentPostprocessing = 0;
		};
/* End PBXFrameworksBuildPhase section */

/* Begin PBXGroup section */
		400000000000000000000001 = {
			isa = PBXGroup;
			children = (
				400000000000000000000002 /* CombustivelFlex */,
				A40000000000000000000001 /* CombustivelFlexTests */,
				40000000000000000000000B /* Products */,
			);
			sourceTree = "<group>";
		};
		400000000000000000000002 /* CombustivelFlex */ = {
			isa = PBXGroup;
			children = (
				400000000000000000000003 /* App */,
				400000000000000000000004 /* Views */,
				400000000000000000000005 /* Theme */,
				400000000000000000000006 /* Components */,
				400000000000000000000007 /* Models */,
				400000000000000000000008 /* Services */,
				400000000000000000000009 /* ViewModels */,
				200000000000000000000015 /* Assets.xcassets */,
				20000000000000000000001F /* Info.plist */,
			);
			path = CombustivelFlex;
			sourceTree = "<group>";
		};
		400000000000000000000003 /* App */ = {
			isa = PBXGroup;
			children = (
				200000000000000000000001 /* CombustivelFlexApp.swift */,
			);
			path = App;
			sourceTree = "<group>";
		};
		400000000000000000000004 /* Views */ = {
			isa = PBXGroup;
			children = (
				200000000000000000000002 /* RootTabView.swift */,
				200000000000000000000003 /* CalculatorView.swift */,
				200000000000000000000004 /* HistoryView.swift */,
				200000000000000000000005 /* StationsView.swift */,
				200000000000000000000006 /* MoreView.swift */,
				20000000000000000000001A /* TipsView.swift */,
				20000000000000000000001B /* SettingsView.swift */,
				200000000000000000000007 /* PlaceholderView.swift */,
				200000000000000000000017 /* StartView.swift */,
				200000000000000000000018 /* ResultView.swift */,
			);
			path = Views;
			sourceTree = "<group>";
		};
		400000000000000000000005 /* Theme */ = {
			isa = PBXGroup;
			children = (
				200000000000000000000008 /* AppTheme.swift */,
			);
			path = Theme;
			sourceTree = "<group>";
		};
		400000000000000000000006 /* Components */ = {
			isa = PBXGroup;
			children = (
				200000000000000000000009 /* AppCard.swift */,
				20000000000000000000000A /* PrimaryButton.swift */,
				200000000000000000000019 /* SecondaryButton.swift */,
				20000000000000000000000B /* FuelTextField.swift */,
				20000000000000000000000C /* FeatureRow.swift */,
				20000000000000000000000D /* ResultSummaryView.swift */,
			);
			path = Components;
			sourceTree = "<group>";
		};
		400000000000000000000007 /* Models */ = {
			isa = PBXGroup;
			children = (
				20000000000000000000000E /* AppTab.swift */,
				20000000000000000000000F /* FuelCalculation.swift */,
				200000000000000000000010 /* CalculationHistoryItem.swift */,
			);
			path = Models;
			sourceTree = "<group>";
		};
		400000000000000000000008 /* Services */ = {
			isa = PBXGroup;
			children = (
				200000000000000000000011 /* FuelCalculationService.swift */,
				200000000000000000000012 /* HistoryStore.swift */,
				200000000000000000000013 /* SettingsStore.swift */,
				20000000000000000000001C /* AdMobConfig.swift */,
				20000000000000000000001D /* AdMobBannerView.swift */,
				20000000000000000000001E /* AdMobNativeAdView.swift */,
			);
			path = Services;
			sourceTree = "<group>";
		};
		400000000000000000000009 /* ViewModels */ = {
			isa = PBXGroup;
			children = (
				200000000000000000000014 /* CalculatorViewModel.swift */,
			);
			path = ViewModels;
			sourceTree = "<group>";
		};
		40000000000000000000000B /* Products */ = {
			isa = PBXGroup;
			children = (
				200000000000000000000016 /* CombustivelFlex.app */,
				A10000000000000000000002 /* CombustivelFlexTests.xctest */,
			);
			name = Products;
			sourceTree = "<group>";
		};
		A40000000000000000000001 /* CombustivelFlexTests */ = {
			isa = PBXGroup;
			children = (
				A10000000000000000000001 /* FuelCalculationServiceTests.swift */,
			);
			path = CombustivelFlexTests;
			sourceTree = "<group>";
		};
/* End PBXGroup section */

/* Begin PBXNativeTarget section */
		500000000000000000000001 /* CombustivelFlex */ = {
			isa = PBXNativeTarget;
			buildConfigurationList = 900000000000000000000004 /* Build configuration list for PBXNativeTarget "CombustivelFlex" */;
			buildPhases = (
				700000000000000000000001 /* Sources */,
				300000000000000000000001 /* Frameworks */,
				700000000000000000000002 /* Resources */,
			);
			buildRules = (
			);
			dependencies = (
			);
			name = CombustivelFlex;
			packageProductDependencies = (
				C20000000000000000000001 /* GoogleMobileAds */,
			);
			productName = CombustivelFlex;
			productReference = 200000000000000000000016 /* CombustivelFlex.app */;
			productType = "com.apple.product-type.application";
		};
		A50000000000000000000001 /* CombustivelFlexTests */ = {
			isa = PBXNativeTarget;
			buildConfigurationList = A90000000000000000000001 /* Build configuration list for PBXNativeTarget "CombustivelFlexTests" */;
			buildPhases = (
				A70000000000000000000001 /* Sources */,
				A30000000000000000000001 /* Frameworks */,
			);
			buildRules = (
			);
			dependencies = (
				A80000000000000000000001 /* PBXTargetDependency */,
			);
			name = CombustivelFlexTests;
			productName = CombustivelFlexTests;
			productReference = A10000000000000000000002 /* CombustivelFlexTests.xctest */;
			productType = "com.apple.product-type.bundle.unit-test";
		};
/* End PBXNativeTarget section */

/* Begin PBXProject section */
		600000000000000000000001 /* Project object */ = {
			isa = PBXProject;
			attributes = {
				BuildIndependentTargetsInParallel = 1;
				LastSwiftUpdateCheck = 1600;
				LastUpgradeCheck = 1600;
				TargetAttributes = {
					500000000000000000000001 = {
						CreatedOnToolsVersion = 16.0;
					};
					A50000000000000000000001 = {
						CreatedOnToolsVersion = 16.0;
						TestTargetID = 500000000000000000000001;
					};
				};
			};
			buildConfigurationList = 900000000000000000000001 /* Build configuration list for PBXProject "CombustivelFlex" */;
			compatibilityVersion = "Xcode 15.0";
			developmentRegion = en;
			hasScannedForEncodings = 0;
			knownRegions = (
				en,
				Base,
			);
			mainGroup = 400000000000000000000001;
			packageReferences = (
				C10000000000000000000001 /* XCRemoteSwiftPackageReference "swift-package-manager-google-mobile-ads" */,
			);
			productRefGroup = 40000000000000000000000B /* Products */;
			projectDirPath = "";
			projectRoot = "";
			targets = (
				500000000000000000000001 /* CombustivelFlex */,
				A50000000000000000000001 /* CombustivelFlexTests */,
			);
		};
/* End PBXProject section */

/* Begin PBXResourcesBuildPhase section */
		700000000000000000000002 /* Resources */ = {
			isa = PBXResourcesBuildPhase;
			buildActionMask = 2147483647;
			files = (
				100000000000000000000015 /* Assets.xcassets in Resources */,
			);
			runOnlyForDeploymentPostprocessing = 0;
		};
/* End PBXResourcesBuildPhase section */

/* Begin PBXSourcesBuildPhase section */
		700000000000000000000001 /* Sources */ = {
			isa = PBXSourcesBuildPhase;
			buildActionMask = 2147483647;
			files = (
				100000000000000000000001 /* CombustivelFlexApp.swift in Sources */,
				100000000000000000000002 /* RootTabView.swift in Sources */,
				100000000000000000000003 /* CalculatorView.swift in Sources */,
				100000000000000000000004 /* HistoryView.swift in Sources */,
				100000000000000000000005 /* StationsView.swift in Sources */,
				100000000000000000000006 /* MoreView.swift in Sources */,
				10000000000000000000001A /* TipsView.swift in Sources */,
				10000000000000000000001B /* SettingsView.swift in Sources */,
				100000000000000000000007 /* PlaceholderView.swift in Sources */,
				100000000000000000000016 /* StartView.swift in Sources */,
				100000000000000000000017 /* ResultView.swift in Sources */,
				100000000000000000000008 /* AppTheme.swift in Sources */,
				100000000000000000000009 /* AppCard.swift in Sources */,
				10000000000000000000000A /* PrimaryButton.swift in Sources */,
				100000000000000000000019 /* SecondaryButton.swift in Sources */,
				10000000000000000000000B /* FuelTextField.swift in Sources */,
				10000000000000000000000C /* FeatureRow.swift in Sources */,
				10000000000000000000000D /* ResultSummaryView.swift in Sources */,
				10000000000000000000000E /* AppTab.swift in Sources */,
				10000000000000000000000F /* FuelCalculation.swift in Sources */,
				100000000000000000000010 /* CalculationHistoryItem.swift in Sources */,
				100000000000000000000011 /* FuelCalculationService.swift in Sources */,
				100000000000000000000012 /* HistoryStore.swift in Sources */,
				100000000000000000000013 /* SettingsStore.swift in Sources */,
				10000000000000000000001C /* AdMobConfig.swift in Sources */,
				10000000000000000000001D /* AdMobBannerView.swift in Sources */,
				10000000000000000000001E /* AdMobNativeAdView.swift in Sources */,
				100000000000000000000014 /* CalculatorViewModel.swift in Sources */,
			);
			runOnlyForDeploymentPostprocessing = 0;
		};
		A70000000000000000000001 /* Sources */ = {
			isa = PBXSourcesBuildPhase;
			buildActionMask = 2147483647;
			files = (
				A00000000000000000000001 /* FuelCalculationServiceTests.swift in Sources */,
			);
			runOnlyForDeploymentPostprocessing = 0;
		};
/* End PBXSourcesBuildPhase section */

/* Begin PBXTargetDependency section */
		A80000000000000000000001 /* PBXTargetDependency */ = {
			isa = PBXTargetDependency;
			target = 500000000000000000000001 /* CombustivelFlex */;
			targetProxy = A60000000000000000000001 /* PBXContainerItemProxy */;
		};
/* End PBXTargetDependency section */

/* Begin XCBuildConfiguration section */
		800000000000000000000001 /* Debug */ = {
			isa = XCBuildConfiguration;
			buildSettings = {
				ALWAYS_SEARCH_USER_PATHS = NO;
				CLANG_ANALYZER_NONNULL = YES;
				CLANG_ANALYZER_NUMBER_OBJECT_CONVERSION = YES_AGGRESSIVE;
				CLANG_CXX_LANGUAGE_STANDARD = "gnu++20";
				CLANG_ENABLE_MODULES = YES;
				CLANG_ENABLE_OBJC_ARC = YES;
				CLANG_ENABLE_OBJC_WEAK = YES;
				CLANG_WARN_BLOCK_CAPTURE_AUTORELEASING = YES;
				CLANG_WARN_BOOL_CONVERSION = YES;
				CLANG_WARN_COMMA = YES;
				CLANG_WARN_CONSTANT_CONVERSION = YES;
				CLANG_WARN_DEPRECATED_OBJC_IMPLEMENTATIONS = YES;
				CLANG_WARN_DIRECT_OBJC_ISA_USAGE = YES_ERROR;
				CLANG_WARN_DOCUMENTATION_COMMENTS = YES;
				CLANG_WARN_EMPTY_BODY = YES;
				CLANG_WARN_ENUM_CONVERSION = YES;
				CLANG_WARN_INFINITE_RECURSION = YES;
				CLANG_WARN_INT_CONVERSION = YES;
				CLANG_WARN_NON_LITERAL_NULL_CONVERSION = YES;
				CLANG_WARN_OBJC_IMPLICIT_RETAIN_SELF = YES;
				CLANG_WARN_OBJC_LITERAL_CONVERSION = YES;
				CLANG_WARN_OBJC_ROOT_CLASS = YES_ERROR;
				CLANG_WARN_QUOTED_INCLUDE_IN_FRAMEWORK_HEADER = YES;
				CLANG_WARN_RANGE_LOOP_ANALYSIS = YES;
				CLANG_WARN_STRICT_PROTOTYPES = YES;
				CLANG_WARN_SUSPICIOUS_MOVE = YES;
				CLANG_WARN_UNGUARDED_AVAILABILITY = YES_AGGRESSIVE;
				CLANG_WARN_UNREACHABLE_CODE = YES;
				CLANG_WARN__DUPLICATE_METHOD_MATCH = YES;
				COPY_PHASE_STRIP = NO;
				DEBUG_INFORMATION_FORMAT = dwarf;
				ENABLE_STRICT_OBJC_MSGSEND = YES;
				ENABLE_TESTABILITY = YES;
				ENABLE_USER_SCRIPT_SANDBOXING = YES;
				GCC_C_LANGUAGE_STANDARD = gnu17;
				GCC_DYNAMIC_NO_PIC = NO;
				GCC_NO_COMMON_BLOCKS = YES;
				GCC_OPTIMIZATION_LEVEL = 0;
				GCC_PREPROCESSOR_DEFINITIONS = (
					"DEBUG=1",
					"$(inherited)",
				);
				GCC_WARN_64_TO_32_BIT_CONVERSION = YES;
				GCC_WARN_ABOUT_RETURN_TYPE = YES_ERROR;
				GCC_WARN_UNDECLARED_SELECTOR = YES;
				GCC_WARN_UNINITIALIZED_AUTOS = YES_AGGRESSIVE;
				GCC_WARN_UNUSED_FUNCTION = YES;
				GCC_WARN_UNUSED_VARIABLE = YES;
				IPHONEOS_DEPLOYMENT_TARGET = 17.0;
				MTL_ENABLE_DEBUG_INFO = INCLUDE_SOURCE;
				MTL_FAST_MATH = YES;
				ONLY_ACTIVE_ARCH = YES;
				SDKROOT = iphoneos;
				SWIFT_ACTIVE_COMPILATION_CONDITIONS = DEBUG;
				SWIFT_OPTIMIZATION_LEVEL = "-Onone";
			};
			name = Debug;
		};
		800000000000000000000002 /* Release */ = {
			isa = XCBuildConfiguration;
			buildSettings = {
				ALWAYS_SEARCH_USER_PATHS = NO;
				CLANG_ANALYZER_NONNULL = YES;
				CLANG_ANALYZER_NUMBER_OBJECT_CONVERSION = YES_AGGRESSIVE;
				CLANG_CXX_LANGUAGE_STANDARD = "gnu++20";
				CLANG_ENABLE_MODULES = YES;
				CLANG_ENABLE_OBJC_ARC = YES;
				CLANG_ENABLE_OBJC_WEAK = YES;
				CLANG_WARN_BLOCK_CAPTURE_AUTORELEASING = YES;
				CLANG_WARN_BOOL_CONVERSION = YES;
				CLANG_WARN_COMMA = YES;
				CLANG_WARN_CONSTANT_CONVERSION = YES;
				CLANG_WARN_DEPRECATED_OBJC_IMPLEMENTATIONS = YES;
				CLANG_WARN_DIRECT_OBJC_ISA_USAGE = YES_ERROR;
				CLANG_WARN_DOCUMENTATION_COMMENTS = YES;
				CLANG_WARN_EMPTY_BODY = YES;
				CLANG_WARN_ENUM_CONVERSION = YES;
				CLANG_WARN_INFINITE_RECURSION = YES;
				CLANG_WARN_INT_CONVERSION = YES;
				CLANG_WARN_NON_LITERAL_NULL_CONVERSION = YES;
				CLANG_WARN_OBJC_IMPLICIT_RETAIN_SELF = YES;
				CLANG_WARN_OBJC_LITERAL_CONVERSION = YES;
				CLANG_WARN_OBJC_ROOT_CLASS = YES_ERROR;
				CLANG_WARN_QUOTED_INCLUDE_IN_FRAMEWORK_HEADER = YES;
				CLANG_WARN_RANGE_LOOP_ANALYSIS = YES;
				CLANG_WARN_STRICT_PROTOTYPES = YES;
				CLANG_WARN_SUSPICIOUS_MOVE = YES;
				CLANG_WARN_UNGUARDED_AVAILABILITY = YES_AGGRESSIVE;
				CLANG_WARN_UNREACHABLE_CODE = YES;
				CLANG_WARN__DUPLICATE_METHOD_MATCH = YES;
				COPY_PHASE_STRIP = NO;
				DEBUG_INFORMATION_FORMAT = "dwarf-with-dsym";
				ENABLE_NS_ASSERTIONS = NO;
				ENABLE_STRICT_OBJC_MSGSEND = YES;
				ENABLE_USER_SCRIPT_SANDBOXING = YES;
				GCC_C_LANGUAGE_STANDARD = gnu17;
				GCC_NO_COMMON_BLOCKS = YES;
				GCC_WARN_64_TO_32_BIT_CONVERSION = YES;
				GCC_WARN_ABOUT_RETURN_TYPE = YES_ERROR;
				GCC_WARN_UNDECLARED_SELECTOR = YES;
				GCC_WARN_UNINITIALIZED_AUTOS = YES_AGGRESSIVE;
				GCC_WARN_UNUSED_FUNCTION = YES;
				GCC_WARN_UNUSED_VARIABLE = YES;
				IPHONEOS_DEPLOYMENT_TARGET = 17.0;
				MTL_ENABLE_DEBUG_INFO = NO;
				MTL_FAST_MATH = YES;
				SDKROOT = iphoneos;
				SWIFT_COMPILATION_MODE = wholemodule;
				VALIDATE_PRODUCT = YES;
			};
			name = Release;
		};
		800000000000000000000003 /* Debug */ = {
			isa = XCBuildConfiguration;
			buildSettings = {
				ASSETCATALOG_COMPILER_GLOBAL_ACCENT_COLOR_NAME = AccentColor;
				CODE_SIGN_STYLE = Automatic;
				CURRENT_PROJECT_VERSION = 1;
				DEVELOPMENT_TEAM = WK7S77VS67;
				ENABLE_PREVIEWS = YES;
				GENERATE_INFOPLIST_FILE = NO;
				INFOPLIST_FILE = CombustivelFlex/Info.plist;
				INFOPLIST_KEY_CFBundleDisplayName = "Combustivel Flex";
				INFOPLIST_KEY_GADApplicationIdentifier = "ca-app-pub-1199102836233471~1616819670";
				INFOPLIST_KEY_LSApplicationCategoryType = "public.app-category.utilities";
				INFOPLIST_KEY_UIApplicationSceneManifest_Generation = YES;
				INFOPLIST_KEY_UIApplicationSupportsIndirectInputEvents = YES;
				INFOPLIST_KEY_UILaunchScreen_Generation = YES;
				INFOPLIST_KEY_UISupportedInterfaceOrientations_iPad = "UIInterfaceOrientationPortrait UIInterfaceOrientationPortraitUpsideDown UIInterfaceOrientationLandscapeLeft UIInterfaceOrientationLandscapeRight";
				INFOPLIST_KEY_UISupportedInterfaceOrientations_iPhone = UIInterfaceOrientationPortrait;
				IPHONEOS_DEPLOYMENT_TARGET = 17.0;
				LD_RUNPATH_SEARCH_PATHS = (
					"$(inherited)",
					"@executable_path/Frameworks",
				);
				MARKETING_VERSION = 1.0;
				PRODUCT_BUNDLE_IDENTIFIER = br.com.igorluciano.combustivelflex;
				PRODUCT_NAME = "$(TARGET_NAME)";
				SWIFT_EMIT_LOC_STRINGS = YES;
				SWIFT_VERSION = 5.0;
				TARGETED_DEVICE_FAMILY = "1,2";
			};
			name = Debug;
		};
		800000000000000000000004 /* Release */ = {
			isa = XCBuildConfiguration;
			buildSettings = {
				ASSETCATALOG_COMPILER_GLOBAL_ACCENT_COLOR_NAME = AccentColor;
				CODE_SIGN_STYLE = Automatic;
				CURRENT_PROJECT_VERSION = 1;
				DEVELOPMENT_TEAM = WK7S77VS67;
				ENABLE_PREVIEWS = YES;
				GENERATE_INFOPLIST_FILE = NO;
				INFOPLIST_FILE = CombustivelFlex/Info.plist;
				INFOPLIST_KEY_CFBundleDisplayName = "Combustivel Flex";
				INFOPLIST_KEY_GADApplicationIdentifier = "ca-app-pub-1199102836233471~1616819670";
				INFOPLIST_KEY_LSApplicationCategoryType = "public.app-category.utilities";
				INFOPLIST_KEY_UIApplicationSceneManifest_Generation = YES;
				INFOPLIST_KEY_UIApplicationSupportsIndirectInputEvents = YES;
				INFOPLIST_KEY_UILaunchScreen_Generation = YES;
				INFOPLIST_KEY_UISupportedInterfaceOrientations_iPad = "UIInterfaceOrientationPortrait UIInterfaceOrientationPortraitUpsideDown UIInterfaceOrientationLandscapeLeft UIInterfaceOrientationLandscapeRight";
				INFOPLIST_KEY_UISupportedInterfaceOrientations_iPhone = UIInterfaceOrientationPortrait;
				IPHONEOS_DEPLOYMENT_TARGET = 17.0;
				LD_RUNPATH_SEARCH_PATHS = (
					"$(inherited)",
					"@executable_path/Frameworks",
				);
				MARKETING_VERSION = 1.0;
				PRODUCT_BUNDLE_IDENTIFIER = br.com.igorluciano.combustivelflex;
				PRODUCT_NAME = "$(TARGET_NAME)";
				SWIFT_EMIT_LOC_STRINGS = YES;
				SWIFT_VERSION = 5.0;
				TARGETED_DEVICE_FAMILY = "1,2";
			};
			name = Release;
		};
		A81000000000000000000001 /* Debug */ = {
			isa = XCBuildConfiguration;
			buildSettings = {
				BUNDLE_LOADER = "$(TEST_HOST)";
				CODE_SIGN_STYLE = Automatic;
				CURRENT_PROJECT_VERSION = 1;
				DEVELOPMENT_TEAM = "";
				GENERATE_INFOPLIST_FILE = YES;
				IPHONEOS_DEPLOYMENT_TARGET = 17.0;
				LD_RUNPATH_SEARCH_PATHS = (
					"$(inherited)",
					"@executable_path/Frameworks",
					"@loader_path/Frameworks",
				);
				MARKETING_VERSION = 1.0;
				PRODUCT_BUNDLE_IDENTIFIER = br.com.igorluciano.combustivelflex.tests;
				PRODUCT_NAME = "$(TARGET_NAME)";
				SWIFT_EMIT_LOC_STRINGS = NO;
				SWIFT_VERSION = 5.0;
				TARGETED_DEVICE_FAMILY = "1,2";
				TEST_HOST = "$(BUILT_PRODUCTS_DIR)/CombustivelFlex.app/$(BUNDLE_EXECUTABLE_FOLDER_PATH)/CombustivelFlex";
			};
			name = Debug;
		};
		A81000000000000000000002 /* Release */ = {
			isa = XCBuildConfiguration;
			buildSettings = {
				BUNDLE_LOADER = "$(TEST_HOST)";
				CODE_SIGN_STYLE = Automatic;
				CURRENT_PROJECT_VERSION = 1;
				DEVELOPMENT_TEAM = "";
				GENERATE_INFOPLIST_FILE = YES;
				IPHONEOS_DEPLOYMENT_TARGET = 17.0;
				LD_RUNPATH_SEARCH_PATHS = (
					"$(inherited)",
					"@executable_path/Frameworks",
					"@loader_path/Frameworks",
				);
				MARKETING_VERSION = 1.0;
				PRODUCT_BUNDLE_IDENTIFIER = br.com.igorluciano.combustivelflex.tests;
				PRODUCT_NAME = "$(TARGET_NAME)";
				SWIFT_EMIT_LOC_STRINGS = NO;
				SWIFT_VERSION = 5.0;
				TARGETED_DEVICE_FAMILY = "1,2";
				TEST_HOST = "$(BUILT_PRODUCTS_DIR)/CombustivelFlex.app/$(BUNDLE_EXECUTABLE_FOLDER_PATH)/CombustivelFlex";
			};
			name = Release;
		};
/* End XCBuildConfiguration section */

/* Begin XCConfigurationList section */
		900000000000000000000001 /* Build configuration list for PBXProject "CombustivelFlex" */ = {
			isa = XCConfigurationList;
			buildConfigurations = (
				800000000000000000000001 /* Debug */,
				800000000000000000000002 /* Release */,
			);
			defaultConfigurationIsVisible = 0;
			defaultConfigurationName = Release;
		};
		900000000000000000000004 /* Build configuration list for PBXNativeTarget "CombustivelFlex" */ = {
			isa = XCConfigurationList;
			buildConfigurations = (
				800000000000000000000003 /* Debug */,
				800000000000000000000004 /* Release */,
			);
			defaultConfigurationIsVisible = 0;
			defaultConfigurationName = Release;
		};
		A90000000000000000000001 /* Build configuration list for PBXNativeTarget "CombustivelFlexTests" */ = {
			isa = XCConfigurationList;
			buildConfigurations = (
				A81000000000000000000001 /* Debug */,
				A81000000000000000000002 /* Release */,
			);
			defaultConfigurationIsVisible = 0;
			defaultConfigurationName = Release;
		};
/* End XCConfigurationList section */

/* Begin XCRemoteSwiftPackageReference section */
		C10000000000000000000001 /* XCRemoteSwiftPackageReference "swift-package-manager-google-mobile-ads" */ = {
			isa = XCRemoteSwiftPackageReference;
			repositoryURL = "https://github.com/googleads/swift-package-manager-google-mobile-ads.git";
			requirement = {
				kind = upToNextMajorVersion;
				minimumVersion = 13.0.0;
			};
		};
/* End XCRemoteSwiftPackageReference section */

/* Begin XCSwiftPackageProductDependency section */
		C20000000000000000000001 /* GoogleMobileAds */ = {
			isa = XCSwiftPackageProductDependency;
			package = C10000000000000000000001 /* XCRemoteSwiftPackageReference "swift-package-manager-google-mobile-ads" */;
			productName = GoogleMobileAds;
		};
/* End XCSwiftPackageProductDependency section */
	};
	rootObject = 600000000000000000000001 /* Project object */;
}
